
Microsoft Visual Studio Solution File, Format Version 12.00
# Visual Studio Version 16
VisualStudioVersion = 16.0.29123.88
MinimumVisualStudioVersion = 10.0.40219.1
Project("{FAE04EC0-301F-11D3-BF4B-00C04F79EFBC}") = "TweetBook", "TweetBook\TweetBook.csproj", "{A5F04815-20F0-42A8-A673-D6BBDECE5F86}"
EndProject
Global
	GlobalSection(SolutionConfigurationPlatforms) = preSolution
		Debug|Any CPU = Debug|Any CPU
		Release|Any CPU = Release|Any CPU
	EndGlobalSection
	GlobalSection(ProjectConfigurationPlatforms) = postSolution
		{A5F04815-20F0-42A8-A673-D6BBDECE5F86}.Debug|Any CPU.ActiveCfg = Debug|Any CPU
		{A5F04815-20F0-42A8-A673-D6BBDECE5F86}.Debug|Any CPU.Build.0 = Debug|Any CPU
		{A5F04815-20F0-42A8-A673-D6BBDECE5F86}.Release|Any CPU.ActiveCfg = Release|Any CPU
		{A5F04815-20F0-42A8-A673-D6BBDECE5F86}.Release|Any CPU.Build.0 = Release|Any CPU
	EndGlobalSection
	GlobalSection(SolutionProperties) = preSolution
		HideSolutionNode = FALSE
	EndGlobalSection
	GlobalSection(ExtensibilityGlobals) = postSolution
		SolutionGuid = {60ABD4F8-C9BB-46D9-A93B-55B20B9B5302}
	EndGlobalSection
EndGlobal
